# Run ./gradlew writeVersionsLocks to regenerate this file
com.google.code.findbugs:jsr305:3.0.2 (2 constraints: 4026e324)
com.google.errorprone:error_prone_annotations:2.36.0 (9 constraints: 7786d0c1)
com.google.guava:failureaccess:1.0.3 (1 constraints: 160ae3b4)
com.google.guava:guava:33.4.7-jre (5 constraints: 43494c62)
com.google.guava:listenablefuture:9999.0-empty-to-avoid-conflict-with-guava (1 constraints: bd17c918)
com.google.j2objc:j2objc-annotations:3.0.0 (1 constraints: 150aeab4)
com.palantir.nylon:nylon-threads:0.4.0 (1 constraints: 0c10fa91)
com.palantir.safe-logging:logger:3.9.0 (5 constraints: cd3e3b87)
com.palantir.safe-logging:logger-slf4j:3.9.0 (1 constraints: 070e6e42)
com.palantir.safe-logging:logger-spi:3.9.0 (2 constraints: 1d1e0c7c)
com.palantir.safe-logging:preconditions:3.9.0 (6 constraints: 614f2e76)
com.palantir.safe-logging:safe-logging:3.9.0 (9 constraints: ed7ddf07)
com.palantir.tracing:tracing:6.21.0 (1 constraints: 3b054e3b)
com.palantir.tracing:tracing-api:6.21.0 (1 constraints: d10c1e16)
com.palantir.tritium:tritium-api:0.97.0 (2 constraints: 411f7cbe)
com.palantir.tritium:tritium-core:0.97.0 (1 constraints: 481061a2)
com.palantir.tritium:tritium-metrics:0.97.0 (1 constraints: 4205583b)
com.palantir.tritium:tritium-registry:0.97.0 (2 constraints: 891576cf)
io.dropwizard.metrics:metrics-core:4.2.30 (3 constraints: 3d260b76)
org.hdrhistogram:HdrHistogram:2.2.2 (1 constraints: 0e100092)
org.jboss.logging:jboss-logging:3.4.1.Final (1 constraints: db0f3c8f)
org.jboss.threads:jboss-threads:3.5.0.Final (1 constraints: 601057a5)
org.jetbrains:annotations:26.0.2 (1 constraints: 36116fd1)
org.jspecify:jspecify:1.0.0 (5 constraints: aa477af7)
org.mpierce.metrics.reservoir:hdrhistogram-metrics-reservoir:1.1.3 (1 constraints: 0d10f991)
org.slf4j:slf4j-api:1.7.36 (4 constraints: 393d8da7)
org.wildfly.common:wildfly-common:1.5.0.Final (1 constraints: d90f288f)

[Test dependencies]
net.bytebuddy:byte-buddy:1.15.11 (1 constraints: 7f0bc9ea)
net.jqwik:jqwik:1.9.2 (1 constraints: 0e050d36)
net.jqwik:jqwik-api:1.9.2 (5 constraints: 7029b1b7)
net.jqwik:jqwik-engine:1.9.2 (1 constraints: 9f07ff6c)
net.jqwik:jqwik-time:1.9.2 (1 constraints: 9f07ff6c)
net.jqwik:jqwik-web:1.9.2 (1 constraints: 9f07ff6c)
org.apiguardian:apiguardian-api:1.1.2 (11 constraints: 9293fa1e)
org.assertj:assertj-core:3.27.3 (1 constraints: 4105513b)
org.junit.jupiter:junit-jupiter:5.12.1 (1 constraints: 7a071a77)
org.junit.jupiter:junit-jupiter-api:5.12.1 (3 constraints: f42fad51)
org.junit.jupiter:junit-jupiter-engine:5.12.1 (1 constraints: 360e044a)
org.junit.jupiter:junit-jupiter-params:5.12.1 (1 constraints: 360e044a)
org.junit.platform:junit-platform-commons:1.12.1 (4 constraints: cb34ec50)
org.junit.platform:junit-platform-engine:1.12.1 (3 constraints: b42de419)
org.junit.platform:junit-platform-launcher:1.12.1 (1 constraints: 3705303b)
org.opentest4j:opentest4j:1.3.0 (6 constraints: 7846fee1)
